
Microsoft Visual Studio Solution File, Format Version 12.00
# Visual Studio 15
VisualStudioVersion = 15.0.27428.2015
MinimumVisualStudioVersion = 10.0.40219.1
Project("{FAE04EC0-301F-11D3-BF4B-00C04F79EFBC}") = "Droid_Rest1", "Droid_Rest1\Droid_Rest1.csproj", "{8A0E6AC9-99D8-47CF-8D7B-60104EA2502C}"
EndProject
Global
	GlobalSection(SolutionConfigurationPlatforms) = preSolution
		Debug|Any CPU = Debug|Any CPU
		Release|Any CPU = Release|Any CPU
	EndGlobalSection
	GlobalSection(ProjectConfigurationPlatforms) = postSolution
		{8A0E6AC9-99D8-47CF-8D7B-60104EA2502C}.Debug|Any CPU.ActiveCfg = Debug|Any CPU
		{8A0E6AC9-99D8-47CF-8D7B-60104EA2502C}.Debug|Any CPU.Build.0 = Debug|Any CPU
		{8A0E6AC9-99D8-47CF-8D7B-60104EA2502C}.Debug|Any CPU.Deploy.0 = Debug|Any CPU
		{8A0E6AC9-99D8-47CF-8D7B-60104EA2502C}.Release|Any CPU.ActiveCfg = Release|Any CPU
		{8A0E6AC9-99D8-47CF-8D7B-60104EA2502C}.Release|Any CPU.Build.0 = Release|Any CPU
		{8A0E6AC9-99D8-47CF-8D7B-60104EA2502C}.Release|Any CPU.Deploy.0 = Release|Any CPU
	EndGlobalSection
	GlobalSection(SolutionProperties) = preSolution
		HideSolutionNode = FALSE
	EndGlobalSection
	GlobalSection(ExtensibilityGlobals) = postSolution
		SolutionGuid = {9319E7CC-5E79-42F8-8951-8FBF3C20FEF6}
	EndGlobalSection
EndGlobal
